
Microsoft Visual Studio Solution File, Format Version 12.00
# Visual Studio 14
VisualStudioVersion = 14.0.23107.0
MinimumVisualStudioVersion = 10.0.40219.1
Project("{FAE04EC0-301F-11D3-BF4B-00C04F79EFBC}") = "TaskUnmanaged", "TaskUnmanaged\TaskUnmanaged.csproj", "{A4250311-7702-4F90-B158-DD923FDA73ED}"
EndProject
Project("{FAE04EC0-301F-11D3-BF4B-00C04F79EFBC}") = "UnmanagedFunctions", "UnmanagedFunctions\UnmanagedFunctions.csproj", "{B8DB95C0-F064-4950-A6C7-C527E8855F1C}"
EndProject
Global
	GlobalSection(SolutionConfigurationPlatforms) = preSolution
		Debug|Any CPU = Debug|Any CPU
		Release|Any CPU = Release|Any CPU
	EndGlobalSection
	GlobalSection(ProjectConfigurationPlatforms) = postSolution
		{A4250311-7702-4F90-B158-DD923FDA73ED}.Debug|Any CPU.ActiveCfg = Debug|Any CPU
		{A4250311-7702-4F90-B158-DD923FDA73ED}.Debug|Any CPU.Build.0 = Debug|Any CPU
		{A4250311-7702-4F90-B158-DD923FDA73ED}.Release|Any CPU.ActiveCfg = Release|Any CPU
		{A4250311-7702-4F90-B158-DD923FDA73ED}.Release|Any CPU.Build.0 = Release|Any CPU
		{B8DB95C0-F064-4950-A6C7-C527E8855F1C}.Debug|Any CPU.ActiveCfg = Debug|Any CPU
		{B8DB95C0-F064-4950-A6C7-C527E8855F1C}.Debug|Any CPU.Build.0 = Debug|Any CPU
		{B8DB95C0-F064-4950-A6C7-C527E8855F1C}.Release|Any CPU.ActiveCfg = Release|Any CPU
		{B8DB95C0-F064-4950-A6C7-C527E8855F1C}.Release|Any CPU.Build.0 = Release|Any CPU
	EndGlobalSection
	GlobalSection(SolutionProperties) = preSolution
		HideSolutionNode = FALSE
	EndGlobalSection
EndGlobal
