
Microsoft Visual Studio Solution File, Format Version 12.00
# Visual Studio 14
VisualStudioVersion = 14.0.23107.0
MinimumVisualStudioVersion = 10.0.40219.1
Project("{FAE04EC0-301F-11D3-BF4B-00C04F79EFBC}") = "01.1Threads", "Mentoring\01.1Threads.csproj", "{1BEED6CA-0F41-4AE5-A90A-28C50131D40E}"
EndProject
Project("{2150E333-8FDC-42A3-9474-1A3956D46DE8}") = "Multithreading", "Multithreading", "{80CEA1EB-190F-4CE4-9614-3E2747EBF6E7}"
EndProject
Project("{FAE04EC0-301F-11D3-BF4B-00C04F79EFBC}") = "01.2Threads", "02Threads\01.2Threads.csproj", "{6984BF26-A2D2-4603-8699-1F5438CF2542}"
EndProject
Project("{FAE04EC0-301F-11D3-BF4B-00C04F79EFBC}") = "02_Threads", "02_Threads\02_Threads.csproj", "{C40FE486-8928-4319-A11C-0A4C65526C99}"
EndProject
Project("{FAE04EC0-301F-11D3-BF4B-00C04F79EFBC}") = "03.1_Synchronization", "03.1_Synchronization\03.1_Synchronization.csproj", "{793F4567-6BC4-4C7D-A49B-22CC95281979}"
EndProject
Project("{FAE04EC0-301F-11D3-BF4B-00C04F79EFBC}") = "03.2_Synchronization", "03.2_Synchronization\03.2_Synchronization.csproj", "{8663B2B9-70FB-4AFB-920C-C5D5BDC2BF66}"
EndProject
Project("{FAE04EC0-301F-11D3-BF4B-00C04F79EFBC}") = "04.2_Asynchronous", "04.2_Asynchronous\04.2_Asynchronous.csproj", "{82EA41E4-F0BE-41EF-A623-418914C2E48C}"
EndProject
Global
	GlobalSection(SolutionConfigurationPlatforms) = preSolution
		Debug|Any CPU = Debug|Any CPU
		Release|Any CPU = Release|Any CPU
	EndGlobalSection
	GlobalSection(ProjectConfigurationPlatforms) = postSolution
		{1BEED6CA-0F41-4AE5-A90A-28C50131D40E}.Debug|Any CPU.ActiveCfg = Debug|Any CPU
		{1BEED6CA-0F41-4AE5-A90A-28C50131D40E}.Debug|Any CPU.Build.0 = Debug|Any CPU
		{1BEED6CA-0F41-4AE5-A90A-28C50131D40E}.Release|Any CPU.ActiveCfg = Release|Any CPU
		{1BEED6CA-0F41-4AE5-A90A-28C50131D40E}.Release|Any CPU.Build.0 = Release|Any CPU
		{6984BF26-A2D2-4603-8699-1F5438CF2542}.Debug|Any CPU.ActiveCfg = Debug|Any CPU
		{6984BF26-A2D2-4603-8699-1F5438CF2542}.Debug|Any CPU.Build.0 = Debug|Any CPU
		{6984BF26-A2D2-4603-8699-1F5438CF2542}.Release|Any CPU.ActiveCfg = Release|Any CPU
		{6984BF26-A2D2-4603-8699-1F5438CF2542}.Release|Any CPU.Build.0 = Release|Any CPU
		{C40FE486-8928-4319-A11C-0A4C65526C99}.Debug|Any CPU.ActiveCfg = Debug|Any CPU
		{C40FE486-8928-4319-A11C-0A4C65526C99}.Debug|Any CPU.Build.0 = Debug|Any CPU
		{C40FE486-8928-4319-A11C-0A4C65526C99}.Release|Any CPU.ActiveCfg = Release|Any CPU
		{C40FE486-8928-4319-A11C-0A4C65526C99}.Release|Any CPU.Build.0 = Release|Any CPU
		{793F4567-6BC4-4C7D-A49B-22CC95281979}.Debug|Any CPU.ActiveCfg = Debug|Any CPU
		{793F4567-6BC4-4C7D-A49B-22CC95281979}.Debug|Any CPU.Build.0 = Debug|Any CPU
		{793F4567-6BC4-4C7D-A49B-22CC95281979}.Release|Any CPU.ActiveCfg = Release|Any CPU
		{793F4567-6BC4-4C7D-A49B-22CC95281979}.Release|Any CPU.Build.0 = Release|Any CPU
		{8663B2B9-70FB-4AFB-920C-C5D5BDC2BF66}.Debug|Any CPU.ActiveCfg = Debug|Any CPU
		{8663B2B9-70FB-4AFB-920C-C5D5BDC2BF66}.Debug|Any CPU.Build.0 = Debug|Any CPU
		{8663B2B9-70FB-4AFB-920C-C5D5BDC2BF66}.Release|Any CPU.ActiveCfg = Release|Any CPU
		{8663B2B9-70FB-4AFB-920C-C5D5BDC2BF66}.Release|Any CPU.Build.0 = Release|Any CPU
		{82EA41E4-F0BE-41EF-A623-418914C2E48C}.Debug|Any CPU.ActiveCfg = Debug|Any CPU
		{82EA41E4-F0BE-41EF-A623-418914C2E48C}.Debug|Any CPU.Build.0 = Debug|Any CPU
		{82EA41E4-F0BE-41EF-A623-418914C2E48C}.Release|Any CPU.ActiveCfg = Release|Any CPU
		{82EA41E4-F0BE-41EF-A623-418914C2E48C}.Release|Any CPU.Build.0 = Release|Any CPU
	EndGlobalSection
	GlobalSection(SolutionProperties) = preSolution
		HideSolutionNode = FALSE
	EndGlobalSection
	GlobalSection(NestedProjects) = preSolution
		{1BEED6CA-0F41-4AE5-A90A-28C50131D40E} = {80CEA1EB-190F-4CE4-9614-3E2747EBF6E7}
		{6984BF26-A2D2-4603-8699-1F5438CF2542} = {80CEA1EB-190F-4CE4-9614-3E2747EBF6E7}
		{C40FE486-8928-4319-A11C-0A4C65526C99} = {80CEA1EB-190F-4CE4-9614-3E2747EBF6E7}
		{793F4567-6BC4-4C7D-A49B-22CC95281979} = {80CEA1EB-190F-4CE4-9614-3E2747EBF6E7}
		{8663B2B9-70FB-4AFB-920C-C5D5BDC2BF66} = {80CEA1EB-190F-4CE4-9614-3E2747EBF6E7}
		{82EA41E4-F0BE-41EF-A623-418914C2E48C} = {80CEA1EB-190F-4CE4-9614-3E2747EBF6E7}
	EndGlobalSection
EndGlobal
